// !$*UTF8*$!
{
	archiveVersion = 1;
	classes = {
	};
	objectVersion = 46;
	objects = {

/* Begin PBXBuildFile section */
		2A25614315681828008A5292 /* libzbar.a in Frameworks */ = {isa = PBXBuildFile; fileRef = 2A25613D15681828008A5292 /* libzbar.a */; };
		2A25614415681828008A5292 /* zbar-back.png in Resources */ = {isa = PBXBuildFile; fileRef = 2A25613F15681828008A5292 /* zbar-back.png */; };
		2A25614515681828008A5292 /* zbar-help.html in Resources */ = {isa = PBXBuildFile; fileRef = 2A25614015681828008A5292 /* zbar-help.html */; };
		2A25614615681828008A5292 /* zbar-helpicons.png in Resources */ = {isa = PBXBuildFile; fileRef = 2A25614115681828008A5292 /* zbar-helpicons.png */; };
		2A25614715681828008A5292 /* zbar-samples.png in Resources */ = {isa = PBXBuildFile; fileRef = 2A25614215681828008A5292 /* zbar-samples.png */; };
		2A25614915681867008A5292 /* AVFoundation.framework in Frameworks */ = {isa = PBXBuildFile; fileRef = 2A25614815681867008A5292 /* AVFoundation.framework */; };
		2A25614B15681874008A5292 /* CoreMedia.framework in Frameworks */ = {isa = PBXBuildFile; fileRef = 2A25614A15681874008A5292 /* CoreMedia.framework */; };
		2A25614D1568187B008A5292 /* CoreVideo.framework in Frameworks */ = {isa = PBXBuildFile; fileRef = 2A25614C1568187B008A5292 /* CoreVideo.framework */; };
		2A25614F15681884008A5292 /* QuartzCore.framework in Frameworks */ = {isa = PBXBuildFile; fileRef = 2A25614E15681884008A5292 /* QuartzCore.framework */; };
		2A25615115681891008A5292 /* libiconv.dylib in Frameworks */ = {isa = PBXBuildFile; fileRef = 2A25615015681891008A5292 /* libiconv.dylib */; };
		2A25615515681985008A5292 /* EHBarCodeViewController.m in Sources */ = {isa = PBXBuildFile; fileRef = 2A25615315681985008A5292 /* EHBarCodeViewController.m */; };
		2A25615615681985008A5292 /* EHBarCodeViewController.xib in Resources */ = {isa = PBXBuildFile; fileRef = 2A25615415681985008A5292 /* EHBarCodeViewController.xib */; };
		42E4AB6C156813770089B3D3 /* UIKit.framework in Frameworks */ = {isa = PBXBuildFile; fileRef = 42E4AB6B156813770089B3D3 /* UIKit.framework */; };
		42E4AB6E156813770089B3D3 /* Foundation.framework in Frameworks */ = {isa = PBXBuildFile; fileRef = 42E4AB6D156813770089B3D3 /* Foundation.framework */; };
		42E4AB70156813770089B3D3 /* CoreGraphics.framework in Frameworks */ = {isa = PBXBuildFile; fileRef = 42E4AB6F156813770089B3D3 /* CoreGraphics.framework */; };
		42E4AB72156813770089B3D3 /* CoreData.framework in Frameworks */ = {isa = PBXBuildFile; fileRef = 42E4AB71156813770089B3D3 /* CoreData.framework */; };
		42E4AB78156813770089B3D3 /* InfoPlist.strings in Resources */ = {isa = PBXBuildFile; fileRef = 42E4AB76156813770089B3D3 /* InfoPlist.strings */; };
		42E4AB7A156813770089B3D3 /* main.m in Sources */ = {isa = PBXBuildFile; fileRef = 42E4AB79156813770089B3D3 /* main.m */; };
		42E4AB7E156813770089B3D3 /* EHAppDelegate.m in Sources */ = {isa = PBXBuildFile; fileRef = 42E4AB7D156813770089B3D3 /* EHAppDelegate.m */; };
		42E4AB81156813770089B3D3 /* Ikea.xcdatamodeld in Sources */ = {isa = PBXBuildFile; fileRef = 42E4AB7F156813770089B3D3 /* Ikea.xcdatamodeld */; };
		42E4AB84156813770089B3D3 /* EHMasterViewController.m in Sources */ = {isa = PBXBuildFile; fileRef = 42E4AB83156813770089B3D3 /* EHMasterViewController.m */; };
		42E4AB87156813770089B3D3 /* EHDetailViewController.m in Sources */ = {isa = PBXBuildFile; fileRef = 42E4AB86156813770089B3D3 /* EHDetailViewController.m */; };
		42E4AB8A156813770089B3D3 /* EHMasterViewController.xib in Resources */ = {isa = PBXBuildFile; fileRef = 42E4AB88156813770089B3D3 /* EHMasterViewController.xib */; };
		42E4AB8D156813770089B3D3 /* EHDetailViewController.xib in Resources */ = {isa = PBXBuildFile; fileRef = 42E4AB8B156813770089B3D3 /* EHDetailViewController.xib */; };
		42E4AB95156813770089B3D3 /* SenTestingKit.framework in Frameworks */ = {isa = PBXBuildFile; fileRef = 42E4AB94156813770089B3D3 /* SenTestingKit.framework */; };
		42E4AB96156813770089B3D3 /* UIKit.framework in Frameworks */ = {isa = PBXBuildFile; fileRef = 42E4AB6B156813770089B3D3 /* UIKit.framework */; };
		42E4AB97156813770089B3D3 /* Foundation.framework in Frameworks */ = {isa = PBXBuildFile; fileRef = 42E4AB6D156813770089B3D3 /* Foundation.framework */; };
		42E4AB98156813770089B3D3 /* CoreData.framework in Frameworks */ = {isa = PBXBuildFile; fileRef = 42E4AB71156813770089B3D3 /* CoreData.framework */; };
		42E4ABA0156813780089B3D3 /* InfoPlist.strings in Resources */ = {isa = PBXBuildFile; fileRef = 42E4AB9E156813780089B3D3 /* InfoPlist.strings */; };
		42E4ABA3156813780089B3D3 /* IkeaTests.m in Sources */ = {isa = PBXBuildFile; fileRef = 42E4ABA2156813780089B3D3 /* IkeaTests.m */; };
/* End PBXBuildFile section */

/* Begin PBXContainerItemProxy section */
		42E4AB99156813770089B3D3 /* PBXContainerItemProxy */ = {
			isa = PBXContainerItemProxy;
			containerPortal = 42E4AB5E156813770089B3D3 /* Project object */;
			proxyType = 1;
			remoteGlobalIDString = 42E4AB66156813770089B3D3;
			remoteInfo = Ikea;
		};
/* End PBXContainerItemProxy section */

/* Begin PBXFileReference section */
		2A25612915681828008A5292 /* Decoder.h */ = {isa = PBXFileReference; fileEncoding = 4; lastKnownFileType = sourcecode.c.h; path = Decoder.h; sourceTree = "<group>"; };
		2A25612A15681828008A5292 /* Exception.h */ = {isa = PBXFileReference; fileEncoding = 4; lastKnownFileType = sourcecode.c.h; path = Exception.h; sourceTree = "<group>"; };
		2A25612B15681828008A5292 /* Image.h */ = {isa = PBXFileReference; fileEncoding = 4; lastKnownFileType = sourcecode.c.h; path = Image.h; sourceTree = "<group>"; };
		2A25612C15681828008A5292 /* ImageScanner.h */ = {isa = PBXFileReference; fileEncoding = 4; lastKnownFileType = sourcecode.c.h; path = ImageScanner.h; sourceTree = "<group>"; };
		2A25612D15681828008A5292 /* Processor.h */ = {isa = PBXFileReference; fileEncoding = 4; lastKnownFileType = sourcecode.c.h; path = Processor.h; sourceTree = "<group>"; };
		2A25612E15681828008A5292 /* Scanner.h */ = {isa = PBXFileReference; fileEncoding = 4; lastKnownFileType = sourcecode.c.h; path = Scanner.h; sourceTree = "<group>"; };
		2A25612F15681828008A5292 /* Symbol.h */ = {isa = PBXFileReference; fileEncoding = 4; lastKnownFileType = sourcecode.c.h; path = Symbol.h; sourceTree = "<group>"; };
		2A25613015681828008A5292 /* Video.h */ = {isa = PBXFileReference; fileEncoding = 4; lastKnownFileType = sourcecode.c.h; path = Video.h; sourceTree = "<group>"; };
		2A25613115681828008A5292 /* Window.h */ = {isa = PBXFileReference; fileEncoding = 4; lastKnownFileType = sourcecode.c.h; path = Window.h; sourceTree = "<group>"; };
		2A25613215681828008A5292 /* zbar.h */ = {isa = PBXFileReference; fileEncoding = 4; lastKnownFileType = sourcecode.c.h; path = zbar.h; sourceTree = "<group>"; };
		2A25613315681828008A5292 /* ZBarCameraSimulator.h */ = {isa = PBXFileReference; fileEncoding = 4; lastKnownFileType = sourcecode.c.h; path = ZBarCameraSimulator.h; sourceTree = "<group>"; };
		2A25613415681828008A5292 /* ZBarCaptureReader.h */ = {isa = PBXFileReference; fileEncoding = 4; lastKnownFileType = sourcecode.c.h; path = ZBarCaptureReader.h; sourceTree = "<group>"; };
		2A25613515681828008A5292 /* ZBarHelpController.h */ = {isa = PBXFileReference; fileEncoding = 4; lastKnownFileType = sourcecode.c.h; path = ZBarHelpController.h; sourceTree = "<group>"; };
		2A25613615681828008A5292 /* ZBarImage.h */ = {isa = PBXFileReference; fileEncoding = 4; lastKnownFileType = sourcecode.c.h; path = ZBarImage.h; sourceTree = "<group>"; };
		2A25613715681828008A5292 /* ZBarImageScanner.h */ = {isa = PBXFileReference; fileEncoding = 4; lastKnownFileType = sourcecode.c.h; path = ZBarImageScanner.h; sourceTree = "<group>"; };
		2A25613815681828008A5292 /* ZBarReaderController.h */ = {isa = PBXFileReference; fileEncoding = 4; lastKnownFileType = sourcecode.c.h; path = ZBarReaderController.h; sourceTree = "<group>"; };
		2A25613915681828008A5292 /* ZBarReaderView.h */ = {isa = PBXFileReference; fileEncoding = 4; lastKnownFileType = sourcecode.c.h; path = ZBarReaderView.h; sourceTree = "<group>"; };
		2A25613A15681828008A5292 /* ZBarReaderViewController.h */ = {isa = PBXFileReference; fileEncoding = 4; lastKnownFileType = sourcecode.c.h; path = ZBarReaderViewController.h; sourceTree = "<group>"; };
		2A25613B15681828008A5292 /* ZBarSDK.h */ = {isa = PBXFileReference; fileEncoding = 4; lastKnownFileType = sourcecode.c.h; path = ZBarSDK.h; sourceTree = "<group>"; };
		2A25613C15681828008A5292 /* ZBarSymbol.h */ = {isa = PBXFileReference; fileEncoding = 4; lastKnownFileType = sourcecode.c.h; path = ZBarSymbol.h; sourceTree = "<group>"; };
		2A25613D15681828008A5292 /* libzbar.a */ = {isa = PBXFileReference; lastKnownFileType = archive.ar; path = libzbar.a; sourceTree = "<group>"; };
		2A25613F15681828008A5292 /* zbar-back.png */ = {isa = PBXFileReference; lastKnownFileType = image.png; path = "zbar-back.png"; sourceTree = "<group>"; };
		2A25614015681828008A5292 /* zbar-help.html */ = {isa = PBXFileReference; fileEncoding = 4; lastKnownFileType = text.html; path = "zbar-help.html"; sourceTree = "<group>"; };
		2A25614115681828008A5292 /* zbar-helpicons.png */ = {isa = PBXFileReference; lastKnownFileType = image.png; path = "zbar-helpicons.png"; sourceTree = "<group>"; };
		2A25614215681828008A5292 /* zbar-samples.png */ = {isa = PBXFileReference; lastKnownFileType = image.png; path = "zbar-samples.png"; sourceTree = "<group>"; };
		2A25614815681867008A5292 /* AVFoundation.framework */ = {isa = PBXFileReference; lastKnownFileType = wrapper.framework; name = AVFoundation.framework; path = System/Library/Frameworks/AVFoundation.framework; sourceTree = SDKROOT; };
		2A25614A15681874008A5292 /* CoreMedia.framework */ = {isa = PBXFileReference; lastKnownFileType = wrapper.framework; name = CoreMedia.framework; path = System/Library/Frameworks/CoreMedia.framework; sourceTree = SDKROOT; };
		2A25614C1568187B008A5292 /* CoreVideo.framework */ = {isa = PBXFileReference; lastKnownFileType = wrapper.framework; name = CoreVideo.framework; path = System/Library/Frameworks/CoreVideo.framework; sourceTree = SDKROOT; };
		2A25614E15681884008A5292 /* QuartzCore.framework */ = {isa = PBXFileReference; lastKnownFileType = wrapper.framework; name = QuartzCore.framework; path = System/Library/Frameworks/QuartzCore.framework; sourceTree = SDKROOT; };
		2A25615015681891008A5292 /* libiconv.dylib */ = {isa = PBXFileReference; lastKnownFileType = "compiled.mach-o.dylib"; name = libiconv.dylib; path = usr/lib/libiconv.dylib; sourceTree = SDKROOT; };
		2A25615215681985008A5292 /* EHBarCodeViewController.h */ = {isa = PBXFileReference; fileEncoding = 4; lastKnownFileType = sourcecode.c.h; path = EHBarCodeViewController.h; sourceTree = "<group>"; };
		2A25615315681985008A5292 /* EHBarCodeViewController.m */ = {isa = PBXFileReference; fileEncoding = 4; lastKnownFileType = sourcecode.c.objc; path = EHBarCodeViewController.m; sourceTree = "<group>"; };
		2A25615415681985008A5292 /* EHBarCodeViewController.xib */ = {isa = PBXFileReference; fileEncoding = 4; lastKnownFileType = file.xib; path = EHBarCodeViewController.xib; sourceTree = "<group>"; };
		42E4AB67156813770089B3D3 /* Ikea.app */ = {isa = PBXFileReference; explicitFileType = wrapper.application; includeInIndex = 0; path = Ikea.app; sourceTree = BUILT_PRODUCTS_DIR; };
		42E4AB6B156813770089B3D3 /* UIKit.framework */ = {isa = PBXFileReference; lastKnownFileType = wrapper.framework; name = UIKit.framework; path = System/Library/Frameworks/UIKit.framework; sourceTree = SDKROOT; };
		42E4AB6D156813770089B3D3 /* Foundation.framework */ = {isa = PBXFileReference; lastKnownFileType = wrapper.framework; name = Foundation.framework; path = System/Library/Frameworks/Foundation.framework; sourceTree = SDKROOT; };
		42E4AB6F156813770089B3D3 /* CoreGraphics.framework */ = {isa = PBXFileReference; lastKnownFileType = wrapper.framework; name = CoreGraphics.framework; path = System/Library/Frameworks/CoreGraphics.framework; sourceTree = SDKROOT; };
		42E4AB71156813770089B3D3 /* CoreData.framework */ = {isa = PBXFileReference; lastKnownFileType = wrapper.framework; name = CoreData.framework; path = System/Library/Frameworks/CoreData.framework; sourceTree = SDKROOT; };
		42E4AB75156813770089B3D3 /* Ikea-Info.plist */ = {isa = PBXFileReference; lastKnownFileType = text.plist.xml; path = "Ikea-Info.plist"; sourceTree = "<group>"; };
		42E4AB77156813770089B3D3 /* en */ = {isa = PBXFileReference; lastKnownFileType = text.plist.strings; name = en; path = en.lproj/InfoPlist.strings; sourceTree = "<group>"; };
		42E4AB79156813770089B3D3 /* main.m */ = {isa = PBXFileReference; lastKnownFileType = sourcecode.c.objc; path = main.m; sourceTree = "<group>"; };
		42E4AB7B156813770089B3D3 /* Ikea-Prefix.pch */ = {isa = PBXFileReference; lastKnownFileType = sourcecode.c.h; path = "Ikea-Prefix.pch"; sourceTree = "<group>"; };
		42E4AB7C156813770089B3D3 /* EHAppDelegate.h */ = {isa = PBXFileReference; lastKnownFileType = sourcecode.c.h; path = EHAppDelegate.h; sourceTree = "<group>"; };
		42E4AB7D156813770089B3D3 /* EHAppDelegate.m */ = {isa = PBXFileReference; lastKnownFileType = sourcecode.c.objc; path = EHAppDelegate.m; sourceTree = "<group>"; };
		42E4AB80156813770089B3D3 /* Ikea.xcdatamodel */ = {isa = PBXFileReference; lastKnownFileType = wrapper.xcdatamodel; path = Ikea.xcdatamodel; sourceTree = "<group>"; };
		42E4AB82156813770089B3D3 /* EHMasterViewController.h */ = {isa = PBXFileReference; lastKnownFileType = sourcecode.c.h; path = EHMasterViewController.h; sourceTree = "<group>"; };
		42E4AB83156813770089B3D3 /* EHMasterViewController.m */ = {isa = PBXFileReference; lastKnownFileType = sourcecode.c.objc; path = EHMasterViewController.m; sourceTree = "<group>"; };
		42E4AB85156813770089B3D3 /* EHDetailViewController.h */ = {isa = PBXFileReference; lastKnownFileType = sourcecode.c.h; path = EHDetailViewController.h; sourceTree = "<group>"; };
		42E4AB86156813770089B3D3 /* EHDetailViewController.m */ = {isa = PBXFileReference; lastKnownFileType = sourcecode.c.objc; path = EHDetailViewController.m; sourceTree = "<group>"; };
		42E4AB89156813770089B3D3 /* en */ = {isa = PBXFileReference; lastKnownFileType = file.xib; name = en; path = en.lproj/EHMasterViewController.xib; sourceTree = "<group>"; };
		42E4AB8C156813770089B3D3 /* en */ = {isa = PBXFileReference; lastKnownFileType = file.xib; name = en; path = en.lproj/EHDetailViewController.xib; sourceTree = "<group>"; };
		42E4AB93156813770089B3D3 /* IkeaTests.octest */ = {isa = PBXFileReference; explicitFileType = wrapper.cfbundle; includeInIndex = 0; path = IkeaTests.octest; sourceTree = BUILT_PRODUCTS_DIR; };
		42E4AB94156813770089B3D3 /* SenTestingKit.framework */ = {isa = PBXFileReference; lastKnownFileType = wrapper.framework; name = SenTestingKit.framework; path = Library/Frameworks/SenTestingKit.framework; sourceTree = DEVELOPER_DIR; };
		42E4AB9D156813780089B3D3 /* IkeaTests-Info.plist */ = {isa = PBXFileReference; lastKnownFileType = text.plist.xml; path = "IkeaTests-Info.plist"; sourceTree = "<group>"; };
		42E4AB9F156813780089B3D3 /* en */ = {isa = PBXFileReference; lastKnownFileType = text.plist.strings; name = en; path = en.lproj/InfoPlist.strings; sourceTree = "<group>"; };
		42E4ABA1156813780089B3D3 /* IkeaTests.h */ = {isa = PBXFileReference; lastKnownFileType = sourcecode.c.h; path = IkeaTests.h; sourceTree = "<group>"; };
		42E4ABA2156813780089B3D3 /* IkeaTests.m */ = {isa = PBXFileReference; lastKnownFileType = sourcecode.c.objc; path = IkeaTests.m; sourceTree = "<group>"; };
/* End PBXFileReference section */

/* Begin PBXFrameworksBuildPhase section */
		42E4AB64156813770089B3D3 /* Frameworks */ = {
			isa = PBXFrameworksBuildPhase;
			buildActionMask = 2147483647;
			files = (
				2A25615115681891008A5292 /* libiconv.dylib in Frameworks */,
				2A25614F15681884008A5292 /* QuartzCore.framework in Frameworks */,
				2A25614D1568187B008A5292 /* CoreVideo.framework in Frameworks */,
				2A25614B15681874008A5292 /* CoreMedia.framework in Frameworks */,
				2A25614915681867008A5292 /* AVFoundation.framework in Frameworks */,
				42E4AB6C156813770089B3D3 /* UIKit.framework in Frameworks */,
				42E4AB6E156813770089B3D3 /* Foundation.framework in Frameworks */,
				42E4AB70156813770089B3D3 /* CoreGraphics.framework in Frameworks */,
				42E4AB72156813770089B3D3 /* CoreData.framework in Frameworks */,
				2A25614315681828008A5292 /* libzbar.a in Frameworks */,
			);
			runOnlyForDeploymentPostprocessing = 0;
		};
		42E4AB8F156813770089B3D3 /* Frameworks */ = {
			isa = PBXFrameworksBuildPhase;
			buildActionMask = 2147483647;
			files = (
				42E4AB95156813770089B3D3 /* SenTestingKit.framework in Frameworks */,
				42E4AB96156813770089B3D3 /* UIKit.framework in Frameworks */,
				42E4AB97156813770089B3D3 /* Foundation.framework in Frameworks */,
				42E4AB98156813770089B3D3 /* CoreData.framework in Frameworks */,
			);
			runOnlyForDeploymentPostprocessing = 0;
		};
/* End PBXFrameworksBuildPhase section */

/* Begin PBXGroup section */
		2A2561231568181E008A5292 /* Libraries */ = {
			isa = PBXGroup;
			children = (
				2A25612515681828008A5292 /* ZBarSDK */,
			);
			name = Libraries;
			sourceTree = "<group>";
		};
		2A25612515681828008A5292 /* ZBarSDK */ = {
			isa = PBXGroup;
			children = (
				2A25612615681828008A5292 /* Headers */,
				2A25613D15681828008A5292 /* libzbar.a */,
				2A25613E15681828008A5292 /* Resources */,
			);
			path = ZBarSDK;
			sourceTree = "<group>";
		};
		2A25612615681828008A5292 /* Headers */ = {
			isa = PBXGroup;
			children = (
				2A25612715681828008A5292 /* ZBarSDK */,
			);
			path = Headers;
			sourceTree = "<group>";
		};
		2A25612715681828008A5292 /* ZBarSDK */ = {
			isa = PBXGroup;
			children = (
				2A25612815681828008A5292 /* zbar */,
				2A25613215681828008A5292 /* zbar.h */,
				2A25613315681828008A5292 /* ZBarCameraSimulator.h */,
				2A25613415681828008A5292 /* ZBarCaptureReader.h */,
				2A25613515681828008A5292 /* ZBarHelpController.h */,
				2A25613615681828008A5292 /* ZBarImage.h */,
				2A25613715681828008A5292 /* ZBarImageScanner.h */,
				2A25613815681828008A5292 /* ZBarReaderController.h */,
				2A25613915681828008A5292 /* ZBarReaderView.h */,
				2A25613A15681828008A5292 /* ZBarReaderViewController.h */,
				2A25613B15681828008A5292 /* ZBarSDK.h */,
				2A25613C15681828008A5292 /* ZBarSymbol.h */,
			);
			path = ZBarSDK;
			sourceTree = "<group>";
		};
		2A25612815681828008A5292 /* zbar */ = {
			isa = PBXGroup;
			children = (
				2A25612915681828008A5292 /* Decoder.h */,
				2A25612A15681828008A5292 /* Exception.h */,
				2A25612B15681828008A5292 /* Image.h */,
				2A25612C15681828008A5292 /* ImageScanner.h */,
				2A25612D15681828008A5292 /* Processor.h */,
				2A25612E15681828008A5292 /* Scanner.h */,
				2A25612F15681828008A5292 /* Symbol.h */,
				2A25613015681828008A5292 /* Video.h */,
				2A25613115681828008A5292 /* Window.h */,
			);
			path = zbar;
			sourceTree = "<group>";
		};
		2A25613E15681828008A5292 /* Resources */ = {
			isa = PBXGroup;
			children = (
				2A25613F15681828008A5292 /* zbar-back.png */,
				2A25614015681828008A5292 /* zbar-help.html */,
				2A25614115681828008A5292 /* zbar-helpicons.png */,
				2A25614215681828008A5292 /* zbar-samples.png */,
			);
			path = Resources;
			sourceTree = "<group>";
		};
		42E4AB5C156813770089B3D3 = {
			isa = PBXGroup;
			children = (
				2A25615015681891008A5292 /* libiconv.dylib */,
				2A25614E15681884008A5292 /* QuartzCore.framework */,
				2A25614C1568187B008A5292 /* CoreVideo.framework */,
				2A25614A15681874008A5292 /* CoreMedia.framework */,
				2A25614815681867008A5292 /* AVFoundation.framework */,
				2A2561231568181E008A5292 /* Libraries */,
				42E4AB73156813770089B3D3 /* Ikea */,
				42E4AB9B156813770089B3D3 /* IkeaTests */,
				42E4AB6A156813770089B3D3 /* Frameworks */,
				42E4AB68156813770089B3D3 /* Products */,
			);
			sourceTree = "<group>";
		};
		42E4AB68156813770089B3D3 /* Products */ = {
			isa = PBXGroup;
			children = (
				42E4AB67156813770089B3D3 /* Ikea.app */,
				42E4AB93156813770089B3D3 /* IkeaTests.octest */,
			);
			name = Products;
			sourceTree = "<group>";
		};
		42E4AB6A156813770089B3D3 /* Frameworks */ = {
			isa = PBXGroup;
			children = (
				42E4AB6B156813770089B3D3 /* UIKit.framework */,
				42E4AB6D156813770089B3D3 /* Foundation.framework */,
				42E4AB6F156813770089B3D3 /* CoreGraphics.framework */,
				42E4AB71156813770089B3D3 /* CoreData.framework */,
				42E4AB94156813770089B3D3 /* SenTestingKit.framework */,
			);
			name = Frameworks;
			sourceTree = "<group>";
		};
		42E4AB73156813770089B3D3 /* Ikea */ = {
			isa = PBXGroup;
			children = (
				42E4AB7C156813770089B3D3 /* EHAppDelegate.h */,
				42E4AB7D156813770089B3D3 /* EHAppDelegate.m */,
				42E4AB82156813770089B3D3 /* EHMasterViewController.h */,
				42E4AB83156813770089B3D3 /* EHMasterViewController.m */,
				42E4AB85156813770089B3D3 /* EHDetailViewController.h */,
				42E4AB86156813770089B3D3 /* EHDetailViewController.m */,
				2A25615215681985008A5292 /* EHBarCodeViewController.h */,
				2A25615315681985008A5292 /* EHBarCodeViewController.m */,
				42E4AB88156813770089B3D3 /* EHMasterViewController.xib */,
				42E4AB8B156813770089B3D3 /* EHDetailViewController.xib */,
				2A25615415681985008A5292 /* EHBarCodeViewController.xib */,
				42E4AB7F156813770089B3D3 /* Ikea.xcdatamodeld */,
				42E4AB74156813770089B3D3 /* Supporting Files */,
			);
			path = Ikea;
			sourceTree = "<group>";
		};
		42E4AB74156813770089B3D3 /* Supporting Files */ = {
			isa = PBXGroup;
			children = (
				42E4AB75156813770089B3D3 /* Ikea-Info.plist */,
				42E4AB76156813770089B3D3 /* InfoPlist.strings */,
				42E4AB79156813770089B3D3 /* main.m */,
				42E4AB7B156813770089B3D3 /* Ikea-Prefix.pch */,
			);
			name = "Supporting Files";
			sourceTree = "<group>";
		};
		42E4AB9B156813770089B3D3 /* IkeaTests */ = {
			isa = PBXGroup;
			children = (
				42E4ABA1156813780089B3D3 /* IkeaTests.h */,
				42E4ABA2156813780089B3D3 /* IkeaTests.m */,
				42E4AB9C156813780089B3D3 /* Supporting Files */,
			);
			path = IkeaTests;
			sourceTree = "<group>";
		};
		42E4AB9C156813780089B3D3 /* Supporting Files */ = {
			isa = PBXGroup;
			children = (
				42E4AB9D156813780089B3D3 /* IkeaTests-Info.plist */,
				42E4AB9E156813780089B3D3 /* InfoPlist.strings */,
			);
			name = "Supporting Files";
			sourceTree = "<group>";
		};
/* End PBXGroup section */

/* Begin PBXNativeTarget section */
		42E4AB66156813770089B3D3 /* Ikea */ = {
			isa = PBXNativeTarget;
			buildConfigurationList = 42E4ABA6156813780089B3D3 /* Build configuration list for PBXNativeTarget "Ikea" */;
			buildPhases = (
				42E4AB63156813770089B3D3 /* Sources */,
				42E4AB64156813770089B3D3 /* Frameworks */,
				42E4AB65156813770089B3D3 /* Resources */,
			);
			buildRules = (
			);
			dependencies = (
			);
			name = Ikea;
			productName = Ikea;
			productReference = 42E4AB67156813770089B3D3 /* Ikea.app */;
			productType = "com.apple.product-type.application";
		};
		42E4AB92156813770089B3D3 /* IkeaTests */ = {
			isa = PBXNativeTarget;
			buildConfigurationList = 42E4ABA9156813780089B3D3 /* Build configuration list for PBXNativeTarget "IkeaTests" */;
			buildPhases = (
				42E4AB8E156813770089B3D3 /* Sources */,
				42E4AB8F156813770089B3D3 /* Frameworks */,
				42E4AB90156813770089B3D3 /* Resources */,
				42E4AB91156813770089B3D3 /* ShellScript */,
			);
			buildRules = (
			);
			dependencies = (
				42E4AB9A156813770089B3D3 /* PBXTargetDependency */,
			);
			name = IkeaTests;
			productName = IkeaTests;
			productReference = 42E4AB93156813770089B3D3 /* IkeaTests.octest */;
			productType = "com.apple.product-type.bundle";
		};
/* End PBXNativeTarget section */

/* Begin PBXProject section */
		42E4AB5E156813770089B3D3 /* Project object */ = {
			isa = PBXProject;
			attributes = {
				CLASSPREFIX = EH;
				LastUpgradeCheck = 0430;
				ORGANIZATIONNAME = "Gargoyle Software";
			};
			buildConfigurationList = 42E4AB61156813770089B3D3 /* Build configuration list for PBXProject "Ikea" */;
			compatibilityVersion = "Xcode 3.2";
			developmentRegion = English;
			hasScannedForEncodings = 0;
			knownRegions = (
				en,
			);
			mainGroup = 42E4AB5C156813770089B3D3;
			productRefGroup = 42E4AB68156813770089B3D3 /* Products */;
			projectDirPath = "";
			projectRoot = "";
			targets = (
				42E4AB66156813770089B3D3 /* Ikea */,
				42E4AB92156813770089B3D3 /* IkeaTests */,
			);
		};
/* End PBXProject section */

/* Begin PBXResourcesBuildPhase section */
		42E4AB65156813770089B3D3 /* Resources */ = {
			isa = PBXResourcesBuildPhase;
			buildActionMask = 2147483647;
			files = (
				42E4AB78156813770089B3D3 /* InfoPlist.strings in Resources */,
				42E4AB8A156813770089B3D3 /* EHMasterViewController.xib in Resources */,
				42E4AB8D156813770089B3D3 /* EHDetailViewController.xib in Resources */,
				2A25614415681828008A5292 /* zbar-back.png in Resources */,
				2A25614515681828008A5292 /* zbar-help.html in Resources */,
				2A25614615681828008A5292 /* zbar-helpicons.png in Resources */,
				2A25614715681828008A5292 /* zbar-samples.png in Resources */,
				2A25615615681985008A5292 /* EHBarCodeViewController.xib in Resources */,
			);
			runOnlyForDeploymentPostprocessing = 0;
		};
		42E4AB90156813770089B3D3 /* Resources */ = {
			isa = PBXResourcesBuildPhase;
			buildActionMask = 2147483647;
			files = (
				42E4ABA0156813780089B3D3 /* InfoPlist.strings in Resources */,
			);
			runOnlyForDeploymentPostprocessing = 0;
		};
/* End PBXResourcesBuildPhase section */

/* Begin PBXShellScriptBuildPhase section */
		42E4AB91156813770089B3D3 /* ShellScript */ = {
			isa = PBXShellScriptBuildPhase;
			buildActionMask = 2147483647;
			files = (
			);
			inputPaths = (
			);
			outputPaths = (
			);
			runOnlyForDeploymentPostprocessing = 0;
			shellPath = /bin/sh;
			shellScript = "# Run the unit tests in this test bundle.\n\"${SYSTEM_DEVELOPER_DIR}/Tools/RunUnitTests\"\n";
		};
/* End PBXShellScriptBuildPhase section */

/* Begin PBXSourcesBuildPhase section */
		42E4AB63156813770089B3D3 /* Sources */ = {
			isa = PBXSourcesBuildPhase;
			buildActionMask = 2147483647;
			files = (
				42E4AB7A156813770089B3D3 /* main.m in Sources */,
				42E4AB7E156813770089B3D3 /* EHAppDelegate.m in Sources */,
				42E4AB81156813770089B3D3 /* Ikea.xcdatamodeld in Sources */,
				42E4AB84156813770089B3D3 /* EHMasterViewController.m in Sources */,
				42E4AB87156813770089B3D3 /* EHDetailViewController.m in Sources */,
				2A25615515681985008A5292 /* EHBarCodeViewController.m in Sources */,
			);
			runOnlyForDeploymentPostprocessing = 0;
		};
		42E4AB8E156813770089B3D3 /* Sources */ = {
			isa = PBXSourcesBuildPhase;
			buildActionMask = 2147483647;
			files = (
				42E4ABA3156813780089B3D3 /* IkeaTests.m in Sources */,
			);
			runOnlyForDeploymentPostprocessing = 0;
		};
/* End PBXSourcesBuildPhase section */

/* Begin PBXTargetDependency section */
		42E4AB9A156813770089B3D3 /* PBXTargetDependency */ = {
			isa = PBXTargetDependency;
			target = 42E4AB66156813770089B3D3 /* Ikea */;
			targetProxy = 42E4AB99156813770089B3D3 /* PBXContainerItemProxy */;
		};
/* End PBXTargetDependency section */

/* Begin PBXVariantGroup section */
		42E4AB76156813770089B3D3 /* InfoPlist.strings */ = {
			isa = PBXVariantGroup;
			children = (
				42E4AB77156813770089B3D3 /* en */,
			);
			name = InfoPlist.strings;
			sourceTree = "<group>";
		};
		42E4AB88156813770089B3D3 /* EHMasterViewController.xib */ = {
			isa = PBXVariantGroup;
			children = (
				42E4AB89156813770089B3D3 /* en */,
			);
			name = EHMasterViewController.xib;
			sourceTree = "<group>";
		};
		42E4AB8B156813770089B3D3 /* EHDetailViewController.xib */ = {
			isa = PBXVariantGroup;
			children = (
				42E4AB8C156813770089B3D3 /* en */,
			);
			name = EHDetailViewController.xib;
			sourceTree = "<group>";
		};
		42E4AB9E156813780089B3D3 /* InfoPlist.strings */ = {
			isa = PBXVariantGroup;
			children = (
				42E4AB9F156813780089B3D3 /* en */,
			);
			name = InfoPlist.strings;
			sourceTree = "<group>";
		};
/* End PBXVariantGroup section */

/* Begin XCBuildConfiguration section */
		42E4ABA4156813780089B3D3 /* Debug */ = {
			isa = XCBuildConfiguration;
			buildSettings = {
				ALWAYS_SEARCH_USER_PATHS = NO;
				ARCHS = "$(ARCHS_STANDARD_32_BIT)";
				"CODE_SIGN_IDENTITY[sdk=iphoneos*]" = "iPhone Developer";
				COPY_PHASE_STRIP = NO;
				GCC_C_LANGUAGE_STANDARD = gnu99;
				GCC_DYNAMIC_NO_PIC = NO;
				GCC_OPTIMIZATION_LEVEL = 0;
				GCC_PREPROCESSOR_DEFINITIONS = (
					"DEBUG=1",
					"$(inherited)",
				);
				GCC_SYMBOLS_PRIVATE_EXTERN = NO;
				GCC_VERSION = com.apple.compilers.llvm.clang.1_0;
				GCC_WARN_ABOUT_RETURN_TYPE = YES;
				GCC_WARN_UNINITIALIZED_AUTOS = YES;
				GCC_WARN_UNUSED_VARIABLE = YES;
				IPHONEOS_DEPLOYMENT_TARGET = 5.1;
				SDKROOT = iphoneos;
			};
			name = Debug;
		};
		42E4ABA5156813780089B3D3 /* Release */ = {
			isa = XCBuildConfiguration;
			buildSettings = {
				ALWAYS_SEARCH_USER_PATHS = NO;
				ARCHS = "$(ARCHS_STANDARD_32_BIT)";
				"CODE_SIGN_IDENTITY[sdk=iphoneos*]" = "iPhone Developer";
				COPY_PHASE_STRIP = YES;
				GCC_C_LANGUAGE_STANDARD = gnu99;
				GCC_VERSION = com.apple.compilers.llvm.clang.1_0;
				GCC_WARN_ABOUT_RETURN_TYPE = YES;
				GCC_WARN_UNINITIALIZED_AUTOS = YES;
				GCC_WARN_UNUSED_VARIABLE = YES;
				IPHONEOS_DEPLOYMENT_TARGET = 5.1;
				OTHER_CFLAGS = "-DNS_BLOCK_ASSERTIONS=1";
				SDKROOT = iphoneos;
				VALIDATE_PRODUCT = YES;
			};
			name = Release;
		};
		42E4ABA7156813780089B3D3 /* Debug */ = {
			isa = XCBuildConfiguration;
			buildSettings = {
				GCC_PRECOMPILE_PREFIX_HEADER = YES;
				GCC_PREFIX_HEADER = "Ikea/Ikea-Prefix.pch";
				INFOPLIST_FILE = "Ikea/Ikea-Info.plist";
				LIBRARY_SEARCH_PATHS = (
					"$(inherited)",
					"\"$(SRCROOT)/ZBarSDK\"",
				);
				PRODUCT_NAME = "$(TARGET_NAME)";
				WRAPPER_EXTENSION = app;
			};
			name = Debug;
		};
		42E4ABA8156813780089B3D3 /* Release */ = {
			isa = XCBuildConfiguration;
			buildSettings = {
				GCC_PRECOMPILE_PREFIX_HEADER = YES;
				GCC_PREFIX_HEADER = "Ikea/Ikea-Prefix.pch";
				INFOPLIST_FILE = "Ikea/Ikea-Info.plist";
				LIBRARY_SEARCH_PATHS = (
					"$(inherited)",
					"\"$(SRCROOT)/ZBarSDK\"",
				);
				PRODUCT_NAME = "$(TARGET_NAME)";
				WRAPPER_EXTENSION = app;
			};
			name = Release;
		};
		42E4ABAA156813780089B3D3 /* Debug */ = {
			isa = XCBuildConfiguration;
			buildSettings = {
				BUNDLE_LOADER = "$(BUILT_PRODUCTS_DIR)/Ikea.app/Ikea";
				FRAMEWORK_SEARCH_PATHS = (
					"$(SDKROOT)/Developer/Library/Frameworks",
					"$(DEVELOPER_LIBRARY_DIR)/Frameworks",
				);
				GCC_PRECOMPILE_PREFIX_HEADER = YES;
				GCC_PREFIX_HEADER = "Ikea/Ikea-Prefix.pch";
				INFOPLIST_FILE = "IkeaTests/IkeaTests-Info.plist";
				PRODUCT_NAME = "$(TARGET_NAME)";
				TEST_HOST = "$(BUNDLE_LOADER)";
				WRAPPER_EXTENSION = octest;
			};
			name = Debug;
		};
		42E4ABAB156813780089B3D3 /* Release */ = {
			isa = XCBuildConfiguration;
			buildSettings = {
				BUNDLE_LOADER = "$(BUILT_PRODUCTS_DIR)/Ikea.app/Ikea";
				FRAMEWORK_SEARCH_PATHS = (
					"$(SDKROOT)/Developer/Library/Frameworks",
					"$(DEVELOPER_LIBRARY_DIR)/Frameworks",
				);
				GCC_PRECOMPILE_PREFIX_HEADER = YES;
				GCC_PREFIX_HEADER = "Ikea/Ikea-Prefix.pch";
				INFOPLIST_FILE = "IkeaTests/IkeaTests-Info.plist";
				PRODUCT_NAME = "$(TARGET_NAME)";
				TEST_HOST = "$(BUNDLE_LOADER)";
				WRAPPER_EXTENSION = octest;
			};
			name = Release;
		};
/* End XCBuildConfiguration section */

/* Begin XCConfigurationList section */
		42E4AB61156813770089B3D3 /* Build configuration list for PBXProject "Ikea" */ = {
			isa = XCConfigurationList;
			buildConfigurations = (
				42E4ABA4156813780089B3D3 /* Debug */,
				42E4ABA5156813780089B3D3 /* Release */,
			);
			defaultConfigurationIsVisible = 0;
			defaultConfigurationName = Release;
		};
		42E4ABA6156813780089B3D3 /* Build configuration list for PBXNativeTarget "Ikea" */ = {
			isa = XCConfigurationList;
			buildConfigurations = (
				42E4ABA7156813780089B3D3 /* Debug */,
				42E4ABA8156813780089B3D3 /* Release */,
			);
			defaultConfigurationIsVisible = 0;
			defaultConfigurationName = Release;
		};
		42E4ABA9156813780089B3D3 /* Build configuration list for PBXNativeTarget "IkeaTests" */ = {
			isa = XCConfigurationList;
			buildConfigurations = (
				42E4ABAA156813780089B3D3 /* Debug */,
				42E4ABAB156813780089B3D3 /* Release */,
			);
			defaultConfigurationIsVisible = 0;
			defaultConfigurationName = Release;
		};
/* End XCConfigurationList section */

/* Begin XCVersionGroup section */
		42E4AB7F156813770089B3D3 /* Ikea.xcdatamodeld */ = {
			isa = XCVersionGroup;
			children = (
				42E4AB80156813770089B3D3 /* Ikea.xcdatamodel */,
			);
			currentVersion = 42E4AB80156813770089B3D3 /* Ikea.xcdatamodel */;
			path = Ikea.xcdatamodeld;
			sourceTree = "<group>";
			versionGroupType = wrapper.xcdatamodel;
		};
/* End XCVersionGroup section */
	};
	rootObject = 42E4AB5E156813770089B3D3 /* Project object */;
}
